
Microsoft Visual Studio Solution File, Format Version 12.00
# Visual Studio Version 17
VisualStudioVersion = 17.13.35825.156 d17.13
MinimumVisualStudioVersion = 10.0.40219.1
Project("{FAE04EC0-301F-11D3-BF4B-00C04F79EFBC}") = "Usuario.Api", "Usuario.Api.csproj", "{F9D9E5C6-EF65-40FE-A084-DF5A2BD49AD6}"
EndProject
Project("{2150E333-8FDC-42A3-9474-1A3956D46DE8}") = "Solution Items", "Solution Items", "{7BF9AE27-65D4-424E-87F4-B28498BB3CCA}"
	ProjectSection(SolutionItems) = preProject
		compose.yaml = compose.yaml
	EndProjectSection
EndProject
Global
	GlobalSection(SolutionConfigurationPlatforms) = preSolution
		Debug|Any CPU = Debug|Any CPU
		Release|Any CPU = Release|Any CPU
	EndGlobalSection
	GlobalSection(ProjectConfigurationPlatforms) = postSolution
		{F9D9E5C6-EF65-40FE-A084-DF5A2BD49AD6}.Debug|Any CPU.ActiveCfg = Debug|Any CPU
		{F9D9E5C6-EF65-40FE-A084-DF5A2BD49AD6}.Debug|Any CPU.Build.0 = Debug|Any CPU
		{F9D9E5C6-EF65-40FE-A084-DF5A2BD49AD6}.Release|Any CPU.ActiveCfg = Release|Any CPU
		{F9D9E5C6-EF65-40FE-A084-DF5A2BD49AD6}.Release|Any CPU.Build.0 = Release|Any CPU
	EndGlobalSection
	GlobalSection(SolutionProperties) = preSolution
		HideSolutionNode = FALSE
	EndGlobalSection
	GlobalSection(ExtensibilityGlobals) = postSolution
		SolutionGuid = {8524C455-B2ED-496B-8697-C1024AF5CBBD}
	EndGlobalSection
EndGlobal
